// !$*UTF8*$!
{
	archiveVersion = 1;
	classes = {
	};
	objectVersion = 50;
	objects = {

/* Begin PBXBuildFile section */
		2D65E4772571511100660D1E /* AppDelegate.swift in Sources */ = {isa = PBXBuildFile; fileRef = 2D65E4762571511100660D1E /* AppDelegate.swift */; };
		2D65E4792571511100660D1E /* SceneDelegate.swift in Sources */ = {isa = PBXBuildFile; fileRef = 2D65E4782571511100660D1E /* SceneDelegate.swift */; };
		2D65E47B2571511100660D1E /* ViewController.swift in Sources */ = {isa = PBXBuildFile; fileRef = 2D65E47A2571511100660D1E /* ViewController.swift */; };
		2D65E47E2571511100660D1E /* Main.storyboard in Resources */ = {isa = PBXBuildFile; fileRef = 2D65E47C2571511100660D1E /* Main.storyboard */; };
		2D65E4802571511300660D1E /* Assets.xcassets in Resources */ = {isa = PBXBuildFile; fileRef = 2D65E47F2571511300660D1E /* Assets.xcassets */; };
		2D65E4832571511300660D1E /* LaunchScreen.storyboard in Resources */ = {isa = PBXBuildFile; fileRef = 2D65E4812571511300660D1E /* LaunchScreen.storyboard */; };
		2D65E48E2571511300660D1E /* basvTests.swift in Sources */ = {isa = PBXBuildFile; fileRef = 2D65E48D2571511300660D1E /* basvTests.swift */; };
		2D65E4992571511400660D1E /* basvUITests.swift in Sources */ = {isa = PBXBuildFile; fileRef = 2D65E4982571511400660D1E /* basvUITests.swift */; };
		2D65E4AA2571516D00660D1E /* rsdTableViewCell.swift in Sources */ = {isa = PBXBuildFile; fileRef = 2D65E4A92571516D00660D1E /* rsdTableViewCell.swift */; };
		2D65E4B625715A8300660D1E /* Course.swift in Sources */ = {isa = PBXBuildFile; fileRef = 2D65E4B525715A8300660D1E /* Course.swift */; };
/* End PBXBuildFile section */

/* Begin PBXContainerItemProxy section */
		2D65E48A2571511300660D1E /* PBXContainerItemProxy */ = {
			isa = PBXContainerItemProxy;
			containerPortal = 2D65E46B2571511100660D1E /* Project object */;
			proxyType = 1;
			remoteGlobalIDString = 2D65E4722571511100660D1E;
			remoteInfo = basv;
		};
		2D65E4952571511300660D1E /* PBXContainerItemProxy */ = {
			isa = PBXContainerItemProxy;
			containerPortal = 2D65E46B2571511100660D1E /* Project object */;
			proxyType = 1;
			remoteGlobalIDString = 2D65E4722571511100660D1E;
			remoteInfo = basv;
		};
/* End PBXContainerItemProxy section */

/* Begin PBXFileReference section */
		2D65E4732571511100660D1E /* basv.app */ = {isa = PBXFileReference; explicitFileType = wrapper.application; includeInIndex = 0; path = basv.app; sourceTree = BUILT_PRODUCTS_DIR; };
		2D65E4762571511100660D1E /* AppDelegate.swift */ = {isa = PBXFileReference; lastKnownFileType = sourcecode.swift; path = AppDelegate.swift; sourceTree = "<group>"; };
		2D65E4782571511100660D1E /* SceneDelegate.swift */ = {isa = PBXFileReference; lastKnownFileType = sourcecode.swift; path = SceneDelegate.swift; sourceTree = "<group>"; };
		2D65E47A2571511100660D1E /* ViewController.swift */ = {isa = PBXFileReference; lastKnownFileType = sourcecode.swift; path = ViewController.swift; sourceTree = "<group>"; };
		2D65E47D2571511100660D1E /* Base */ = {isa = PBXFileReference; lastKnownFileType = file.storyboard; name = Base; path = Base.lproj/Main.storyboard; sourceTree = "<group>"; };
		2D65E47F2571511300660D1E /* Assets.xcassets */ = {isa = PBXFileReference; lastKnownFileType = folder.assetcatalog; path = Assets.xcassets; sourceTree = "<group>"; };
		2D65E4822571511300660D1E /* Base */ = {isa = PBXFileReference; lastKnownFileType = file.storyboard; name = Base; path = Base.lproj/LaunchScreen.storyboard; sourceTree = "<group>"; };
		2D65E4842571511300660D1E /* Info.plist */ = {isa = PBXFileReference; lastKnownFileType = text.plist.xml; path = Info.plist; sourceTree = "<group>"; };
		2D65E4892571511300660D1E /* basvTests.xctest */ = {isa = PBXFileReference; explicitFileType = wrapper.cfbundle; includeInIndex = 0; path = basvTests.xctest; sourceTree = BUILT_PRODUCTS_DIR; };
		2D65E48D2571511300660D1E /* basvTests.swift */ = {isa = PBXFileReference; lastKnownFileType = sourcecode.swift; path = basvTests.swift; sourceTree = "<group>"; };
		2D65E48F2571511300660D1E /* Info.plist */ = {isa = PBXFileReference; lastKnownFileType = text.plist.xml; path = Info.plist; sourceTree = "<group>"; };
		2D65E4942571511300660D1E /* basvUITests.xctest */ = {isa = PBXFileReference; explicitFileType = wrapper.cfbundle; includeInIndex = 0; path = basvUITests.xctest; sourceTree = BUILT_PRODUCTS_DIR; };
		2D65E4982571511400660D1E /* basvUITests.swift */ = {isa = PBXFileReference; lastKnownFileType = sourcecode.swift; path = basvUITests.swift; sourceTree = "<group>"; };
		2D65E49A2571511400660D1E /* Info.plist */ = {isa = PBXFileReference; lastKnownFileType = text.plist.xml; path = Info.plist; sourceTree = "<group>"; };
		2D65E4A92571516D00660D1E /* rsdTableViewCell.swift */ = {isa = PBXFileReference; lastKnownFileType = sourcecode.swift; path = rsdTableViewCell.swift; sourceTree = "<group>"; };
		2D65E4B525715A8300660D1E /* Course.swift */ = {isa = PBXFileReference; lastKnownFileType = sourcecode.swift; path = Course.swift; sourceTree = "<group>"; };
/* End PBXFileReference section */

/* Begin PBXFrameworksBuildPhase section */
		2D65E4702571511100660D1E /* Frameworks */ = {
			isa = PBXFrameworksBuildPhase;
			buildActionMask = 2147483647;
			files = (
			);
			runOnlyForDeploymentPostprocessing = 0;
		};
		2D65E4862571511300660D1E /* Frameworks */ = {
			isa = PBXFrameworksBuildPhase;
			buildActionMask = 2147483647;
			files = (
			);
			runOnlyForDeploymentPostprocessing = 0;
		};
		2D65E4912571511300660D1E /* Frameworks */ = {
			isa = PBXFrameworksBuildPhase;
			buildActionMask = 2147483647;
			files = (
			);
			runOnlyForDeploymentPostprocessing = 0;
		};
/* End PBXFrameworksBuildPhase section */

/* Begin PBXGroup section */
		2D65E46A2571511100660D1E = {
			isa = PBXGroup;
			children = (
				2D65E4752571511100660D1E /* basv */,
				2D65E48C2571511300660D1E /* basvTests */,
				2D65E4972571511400660D1E /* basvUITests */,
				2D65E4742571511100660D1E /* Products */,
			);
			sourceTree = "<group>";
		};
		2D65E4742571511100660D1E /* Products */ = {
			isa = PBXGroup;
			children = (
				2D65E4732571511100660D1E /* basv.app */,
				2D65E4892571511300660D1E /* basvTests.xctest */,
				2D65E4942571511300660D1E /* basvUITests.xctest */,
			);
			name = Products;
			sourceTree = "<group>";
		};
		2D65E4752571511100660D1E /* basv */ = {
			isa = PBXGroup;
			children = (
				2D65E4762571511100660D1E /* AppDelegate.swift */,
				2D65E4782571511100660D1E /* SceneDelegate.swift */,
				2D65E47A2571511100660D1E /* ViewController.swift */,
				2D65E47C2571511100660D1E /* Main.storyboard */,
				2D65E47F2571511300660D1E /* Assets.xcassets */,
				2D65E4812571511300660D1E /* LaunchScreen.storyboard */,
				2D65E4842571511300660D1E /* Info.plist */,
				2D65E4A92571516D00660D1E /* rsdTableViewCell.swift */,
				2D65E4B525715A8300660D1E /* Course.swift */,
			);
			path = basv;
			sourceTree = "<group>";
		};
		2D65E48C2571511300660D1E /* basvTests */ = {
			isa = PBXGroup;
			children = (
				2D65E48D2571511300660D1E /* basvTests.swift */,
				2D65E48F2571511300660D1E /* Info.plist */,
			);
			path = basvTests;
			sourceTree = "<group>";
		};
		2D65E4972571511400660D1E /* basvUITests */ = {
			isa = PBXGroup;
			children = (
				2D65E4982571511400660D1E /* basvUITests.swift */,
				2D65E49A2571511400660D1E /* Info.plist */,
			);
			path = basvUITests;
			sourceTree = "<group>";
		};
/* End PBXGroup section */

/* Begin PBXNativeTarget section */
		2D65E4722571511100660D1E /* basv */ = {
			isa = PBXNativeTarget;
			buildConfigurationList = 2D65E49D2571511400660D1E /* Build configuration list for PBXNativeTarget "basv" */;
			buildPhases = (
				2D65E46F2571511100660D1E /* Sources */,
				2D65E4702571511100660D1E /* Frameworks */,
				2D65E4712571511100660D1E /* Resources */,
			);
			buildRules = (
			);
			dependencies = (
			);
			name = basv;
			productName = basv;
			productReference = 2D65E4732571511100660D1E /* basv.app */;
			productType = "com.apple.product-type.application";
		};
		2D65E4882571511300660D1E /* basvTests */ = {
			isa = PBXNativeTarget;
			buildConfigurationList = 2D65E4A02571511400660D1E /* Build configuration list for PBXNativeTarget "basvTests" */;
			buildPhases = (
				2D65E4852571511300660D1E /* Sources */,
				2D65E4862571511300660D1E /* Frameworks */,
				2D65E4872571511300660D1E /* Resources */,
			);
			buildRules = (
			);
			dependencies = (
				2D65E48B2571511300660D1E /* PBXTargetDependency */,
			);
			name = basvTests;
			productName = basvTests;
			productReference = 2D65E4892571511300660D1E /* basvTests.xctest */;
			productType = "com.apple.product-type.bundle.unit-test";
		};
		2D65E4932571511300660D1E /* basvUITests */ = {
			isa = PBXNativeTarget;
			buildConfigurationList = 2D65E4A32571511400660D1E /* Build configuration list for PBXNativeTarget "basvUITests" */;
			buildPhases = (
				2D65E4902571511300660D1E /* Sources */,
				2D65E4912571511300660D1E /* Frameworks */,
				2D65E4922571511300660D1E /* Resources */,
			);
			buildRules = (
			);
			dependencies = (
				2D65E4962571511300660D1E /* PBXTargetDependency */,
			);
			name = basvUITests;
			productName = basvUITests;
			productReference = 2D65E4942571511300660D1E /* basvUITests.xctest */;
			productType = "com.apple.product-type.bundle.ui-testing";
		};
/* End PBXNativeTarget section */

/* Begin PBXProject section */
		2D65E46B2571511100660D1E /* Project object */ = {
			isa = PBXProject;
			attributes = {
				LastSwiftUpdateCheck = 1210;
				LastUpgradeCheck = 1210;
				TargetAttributes = {
					2D65E4722571511100660D1E = {
						CreatedOnToolsVersion = 12.1;
					};
					2D65E4882571511300660D1E = {
						CreatedOnToolsVersion = 12.1;
						TestTargetID = 2D65E4722571511100660D1E;
					};
					2D65E4932571511300660D1E = {
						CreatedOnToolsVersion = 12.1;
						TestTargetID = 2D65E4722571511100660D1E;
					};
				};
			};
			buildConfigurationList = 2D65E46E2571511100660D1E /* Build configuration list for PBXProject "basv" */;
			compatibilityVersion = "Xcode 9.3";
			developmentRegion = en;
			hasScannedForEncodings = 0;
			knownRegions = (
				en,
				Base,
			);
			mainGroup = 2D65E46A2571511100660D1E;
			productRefGroup = 2D65E4742571511100660D1E /* Products */;
			projectDirPath = "";
			projectRoot = "";
			targets = (
				2D65E4722571511100660D1E /* basv */,
				2D65E4882571511300660D1E /* basvTests */,
				2D65E4932571511300660D1E /* basvUITests */,
			);
		};
/* End PBXProject section */

/* Begin PBXResourcesBuildPhase section */
		2D65E4712571511100660D1E /* Resources */ = {
			isa = PBXResourcesBuildPhase;
			buildActionMask = 2147483647;
			files = (
				2D65E4832571511300660D1E /* LaunchScreen.storyboard in Resources */,
				2D65E4802571511300660D1E /* Assets.xcassets in Resources */,
				2D65E47E2571511100660D1E /* Main.storyboard in Resources */,
			);
			runOnlyForDeploymentPostprocessing = 0;
		};
		2D65E4872571511300660D1E /* Resources */ = {
			isa = PBXResourcesBuildPhase;
			buildActionMask = 2147483647;
			files = (
			);
			runOnlyForDeploymentPostprocessing = 0;
		};
		2D65E4922571511300660D1E /* Resources */ = {
			isa = PBXResourcesBuildPhase;
			buildActionMask = 2147483647;
			files = (
			);
			runOnlyForDeploymentPostprocessing = 0;
		};
/* End PBXResourcesBuildPhase section */

/* Begin PBXSourcesBuildPhase section */
		2D65E46F2571511100660D1E /* Sources */ = {
			isa = PBXSourcesBuildPhase;
			buildActionMask = 2147483647;
			files = (
				2D65E4B625715A8300660D1E /* Course.swift in Sources */,
				2D65E47B2571511100660D1E /* ViewController.swift in Sources */,
				2D65E4AA2571516D00660D1E /* rsdTableViewCell.swift in Sources */,
				2D65E4772571511100660D1E /* AppDelegate.swift in Sources */,
				2D65E4792571511100660D1E /* SceneDelegate.swift in Sources */,
			);
			runOnlyForDeploymentPostprocessing = 0;
		};
		2D65E4852571511300660D1E /* Sources */ = {
			isa = PBXSourcesBuildPhase;
			buildActionMask = 2147483647;
			files = (
				2D65E48E2571511300660D1E /* basvTests.swift in Sources */,
			);
			runOnlyForDeploymentPostprocessing = 0;
		};
		2D65E4902571511300660D1E /* Sources */ = {
			isa = PBXSourcesBuildPhase;
			buildActionMask = 2147483647;
			files = (
				2D65E4992571511400660D1E /* basvUITests.swift in Sources */,
			);
			runOnlyForDeploymentPostprocessing = 0;
		};
/* End PBXSourcesBuildPhase section */

/* Begin PBXTargetDependency section */
		2D65E48B2571511300660D1E /* PBXTargetDependency */ = {
			isa = PBXTargetDependency;
			target = 2D65E4722571511100660D1E /* basv */;
			targetProxy = 2D65E48A2571511300660D1E /* PBXContainerItemProxy */;
		};
		2D65E4962571511300660D1E /* PBXTargetDependency */ = {
			isa = PBXTargetDependency;
			target = 2D65E4722571511100660D1E /* basv */;
			targetProxy = 2D65E4952571511300660D1E /* PBXContainerItemProxy */;
		};
/* End PBXTargetDependency section */

/* Begin PBXVariantGroup section */
		2D65E47C2571511100660D1E /* Main.storyboard */ = {
			isa = PBXVariantGroup;
			children = (
				2D65E47D2571511100660D1E /* Base */,
			);
			name = Main.storyboard;
			sourceTree = "<group>";
		};
		2D65E4812571511300660D1E /* LaunchScreen.storyboard */ = {
			isa = PBXVariantGroup;
			children = (
				2D65E4822571511300660D1E /* Base */,
			);
			name = LaunchScreen.storyboard;
			sourceTree = "<group>";
		};
/* End PBXVariantGroup section */

/* Begin XCBuildConfiguration section */
		2D65E49B2571511400660D1E /* Debug */ = {
			isa = XCBuildConfiguration;
			buildSettings = {
				ALWAYS_SEARCH_USER_PATHS = NO;
				CLANG_ANALYZER_NONNULL = YES;
				CLANG_ANALYZER_NUMBER_OBJECT_CONVERSION = YES_AGGRESSIVE;
				CLANG_CXX_LANGUAGE_STANDARD = "gnu++14";
				CLANG_CXX_LIBRARY = "libc++";
				CLANG_ENABLE_MODULES = YES;
				CLANG_ENABLE_OBJC_ARC = YES;
				CLANG_ENABLE_OBJC_WEAK = YES;
				CLANG_WARN_BLOCK_CAPTURE_AUTORELEASING = YES;
				CLANG_WARN_BOOL_CONVERSION = YES;
				CLANG_WARN_COMMA = YES;
				CLANG_WARN_CONSTANT_CONVERSION = YES;
				CLANG_WARN_DEPRECATED_OBJC_IMPLEMENTATIONS = YES;
				CLANG_WARN_DIRECT_OBJC_ISA_USAGE = YES_ERROR;
				CLANG_WARN_DOCUMENTATION_COMMENTS = YES;
				CLANG_WARN_EMPTY_BODY = YES;
				CLANG_WARN_ENUM_CONVERSION = YES;
				CLANG_WARN_INFINITE_RECURSION = YES;
				CLANG_WARN_INT_CONVERSION = YES;
				CLANG_WARN_NON_LITERAL_NULL_CONVERSION = YES;
				CLANG_WARN_OBJC_IMPLICIT_RETAIN_SELF = YES;
				CLANG_WARN_OBJC_LITERAL_CONVERSION = YES;
				CLANG_WARN_OBJC_ROOT_CLASS = YES_ERROR;
				CLANG_WARN_QUOTED_INCLUDE_IN_FRAMEWORK_HEADER = YES;
				CLANG_WARN_RANGE_LOOP_ANALYSIS = YES;
				CLANG_WARN_STRICT_PROTOTYPES = YES;
				CLANG_WARN_SUSPICIOUS_MOVE = YES;
				CLANG_WARN_UNGUARDED_AVAILABILITY = YES_AGGRESSIVE;
				CLANG_WARN_UNREACHABLE_CODE = YES;
				CLANG_WARN__DUPLICATE_METHOD_MATCH = YES;
				COPY_PHASE_STRIP = NO;
				DEBUG_INFORMATION_FORMAT = dwarf;
				ENABLE_STRICT_OBJC_MSGSEND = YES;
				ENABLE_TESTABILITY = YES;
				GCC_C_LANGUAGE_STANDARD = gnu11;
				GCC_DYNAMIC_NO_PIC = NO;
				GCC_NO_COMMON_BLOCKS = YES;
				GCC_OPTIMIZATION_LEVEL = 0;
				GCC_PREPROCESSOR_DEFINITIONS = (
					"DEBUG=1",
					"$(inherited)",
				);
				GCC_WARN_64_TO_32_BIT_CONVERSION = YES;
				GCC_WARN_ABOUT_RETURN_TYPE = YES_ERROR;
				GCC_WARN_UNDECLARED_SELECTOR = YES;
				GCC_WARN_UNINITIALIZED_AUTOS = YES_AGGRESSIVE;
				GCC_WARN_UNUSED_FUNCTION = YES;
				GCC_WARN_UNUSED_VARIABLE = YES;
				IPHONEOS_DEPLOYMENT_TARGET = 14.1;
				MTL_ENABLE_DEBUG_INFO = INCLUDE_SOURCE;
				MTL_FAST_MATH = YES;
				ONLY_ACTIVE_ARCH = YES;
				SDKROOT = iphoneos;
				SWIFT_ACTIVE_COMPILATION_CONDITIONS = DEBUG;
				SWIFT_OPTIMIZATION_LEVEL = "-Onone";
			};
			name = Debug;
		};
		2D65E49C2571511400660D1E /* Release */ = {
			isa = XCBuildConfiguration;
			buildSettings = {
				ALWAYS_SEARCH_USER_PATHS = NO;
				CLANG_ANALYZER_NONNULL = YES;
				CLANG_ANALYZER_NUMBER_OBJECT_CONVERSION = YES_AGGRESSIVE;
				CLANG_CXX_LANGUAGE_STANDARD = "gnu++14";
				CLANG_CXX_LIBRARY = "libc++";
				CLANG_ENABLE_MODULES = YES;
				CLANG_ENABLE_OBJC_ARC = YES;
				CLANG_ENABLE_OBJC_WEAK = YES;
				CLANG_WARN_BLOCK_CAPTURE_AUTORELEASING = YES;
				CLANG_WARN_BOOL_CONVERSION = YES;
				CLANG_WARN_COMMA = YES;
				CLANG_WARN_CONSTANT_CONVERSION = YES;
				CLANG_WARN_DEPRECATED_OBJC_IMPLEMENTATIONS = YES;
				CLANG_WARN_DIRECT_OBJC_ISA_USAGE = YES_ERROR;
				CLANG_WARN_DOCUMENTATION_COMMENTS = YES;
				CLANG_WARN_EMPTY_BODY = YES;
				CLANG_WARN_ENUM_CONVERSION = YES;
				CLANG_WARN_INFINITE_RECURSION = YES;
				CLANG_WARN_INT_CONVERSION = YES;
				CLANG_WARN_NON_LITERAL_NULL_CONVERSION = YES;
				CLANG_WARN_OBJC_IMPLICIT_RETAIN_SELF = YES;
				CLANG_WARN_OBJC_LITERAL_CONVERSION = YES;
				CLANG_WARN_OBJC_ROOT_CLASS = YES_ERROR;
				CLANG_WARN_QUOTED_INCLUDE_IN_FRAMEWORK_HEADER = YES;
				CLANG_WARN_RANGE_LOOP_ANALYSIS = YES;
				CLANG_WARN_STRICT_PROTOTYPES = YES;
				CLANG_WARN_SUSPICIOUS_MOVE = YES;
				CLANG_WARN_UNGUARDED_AVAILABILITY = YES_AGGRESSIVE;
				CLANG_WARN_UNREACHABLE_CODE = YES;
				CLANG_WARN__DUPLICATE_METHOD_MATCH = YES;
				COPY_PHASE_STRIP = NO;
				DEBUG_INFORMATION_FORMAT = "dwarf-with-dsym";
				ENABLE_NS_ASSERTIONS = NO;
				ENABLE_STRICT_OBJC_MSGSEND = YES;
				GCC_C_LANGUAGE_STANDARD = gnu11;
				GCC_NO_COMMON_BLOCKS = YES;
				GCC_WARN_64_TO_32_BIT_CONVERSION = YES;
				GCC_WARN_ABOUT_RETURN_TYPE = YES_ERROR;
				GCC_WARN_UNDECLARED_SELECTOR = YES;
				GCC_WARN_UNINITIALIZED_AUTOS = YES_AGGRESSIVE;
				GCC_WARN_UNUSED_FUNCTION = YES;
				GCC_WARN_UNUSED_VARIABLE = YES;
				IPHONEOS_DEPLOYMENT_TARGET = 14.1;
				MTL_ENABLE_DEBUG_INFO = NO;
				MTL_FAST_MATH = YES;
				SDKROOT = iphoneos;
				SWIFT_COMPILATION_MODE = wholemodule;
				SWIFT_OPTIMIZATION_LEVEL = "-O";
				VALIDATE_PRODUCT = YES;
			};
			name = Release;
		};
		2D65E49E2571511400660D1E /* Debug */ = {
			isa = XCBuildConfiguration;
			buildSettings = {
				ASSETCATALOG_COMPILER_APPICON_NAME = AppIcon;
				ASSETCATALOG_COMPILER_GLOBAL_ACCENT_COLOR_NAME = AccentColor;
				CODE_SIGN_STYLE = Automatic;
				INFOPLIST_FILE = basv/Info.plist;
				LD_RUNPATH_SEARCH_PATHS = (
					"$(inherited)",
					"@executable_path/Frameworks",
				);
				PRODUCT_BUNDLE_IDENTIFIER = rsd.basv;
				PRODUCT_NAME = "$(TARGET_NAME)";
				SWIFT_VERSION = 5.0;
				TARGETED_DEVICE_FAMILY = "1,2";
			};
			name = Debug;
		};
		2D65E49F2571511400660D1E /* Release */ = {
			isa = XCBuildConfiguration;
			buildSettings = {
				ASSETCATALOG_COMPILER_APPICON_NAME = AppIcon;
				ASSETCATALOG_COMPILER_GLOBAL_ACCENT_COLOR_NAME = AccentColor;
				CODE_SIGN_STYLE = Automatic;
				INFOPLIST_FILE = basv/Info.plist;
				LD_RUNPATH_SEARCH_PATHS = (
					"$(inherited)",
					"@executable_path/Frameworks",
				);
				PRODUCT_BUNDLE_IDENTIFIER = rsd.basv;
				PRODUCT_NAME = "$(TARGET_NAME)";
				SWIFT_VERSION = 5.0;
				TARGETED_DEVICE_FAMILY = "1,2";
			};
			name = Release;
		};
		2D65E4A12571511400660D1E /* Debug */ = {
			isa = XCBuildConfiguration;
			buildSettings = {
				ALWAYS_EMBED_SWIFT_STANDARD_LIBRARIES = YES;
				BUNDLE_LOADER = "$(TEST_HOST)";
				CODE_SIGN_STYLE = Automatic;
				INFOPLIST_FILE = basvTests/Info.plist;
				IPHONEOS_DEPLOYMENT_TARGET = 14.1;
				LD_RUNPATH_SEARCH_PATHS = (
					"$(inherited)",
					"@executable_path/Frameworks",
					"@loader_path/Frameworks",
				);
				PRODUCT_BUNDLE_IDENTIFIER = rsd.basvTests;
				PRODUCT_NAME = "$(TARGET_NAME)";
				SWIFT_VERSION = 5.0;
				TARGETED_DEVICE_FAMILY = "1,2";
				TEST_HOST = "$(BUILT_PRODUCTS_DIR)/basv.app/basv";
			};
			name = Debug;
		};
		2D65E4A22571511400660D1E /* Release */ = {
			isa = XCBuildConfiguration;
			buildSettings = {
				ALWAYS_EMBED_SWIFT_STANDARD_LIBRARIES = YES;
				BUNDLE_LOADER = "$(TEST_HOST)";
				CODE_SIGN_STYLE = Automatic;
				INFOPLIST_FILE = basvTests/Info.plist;
				IPHONEOS_DEPLOYMENT_TARGET = 14.1;
				LD_RUNPATH_SEARCH_PATHS = (
					"$(inherited)",
					"@executable_path/Frameworks",
					"@loader_path/Frameworks",
				);
				PRODUCT_BUNDLE_IDENTIFIER = rsd.basvTests;
				PRODUCT_NAME = "$(TARGET_NAME)";
				SWIFT_VERSION = 5.0;
				TARGETED_DEVICE_FAMILY = "1,2";
				TEST_HOST = "$(BUILT_PRODUCTS_DIR)/basv.app/basv";
			};
			name = Release;
		};
		2D65E4A42571511400660D1E /* Debug */ = {
			isa = XCBuildConfiguration;
			buildSettings = {
				ALWAYS_EMBED_SWIFT_STANDARD_LIBRARIES = YES;
				CODE_SIGN_STYLE = Automatic;
				INFOPLIST_FILE = basvUITests/Info.plist;
				LD_RUNPATH_SEARCH_PATHS = (
					"$(inherited)",
					"@executable_path/Frameworks",
					"@loader_path/Frameworks",
				);
				PRODUCT_BUNDLE_IDENTIFIER = rsd.basvUITests;
				PRODUCT_NAME = "$(TARGET_NAME)";
				SWIFT_VERSION = 5.0;
				TARGETED_DEVICE_FAMILY = "1,2";
				TEST_TARGET_NAME = basv;
			};
			name = Debug;
		};
		2D65E4A52571511400660D1E /* Release */ = {
			isa = XCBuildConfiguration;
			buildSettings = {
				ALWAYS_EMBED_SWIFT_STANDARD_LIBRARIES = YES;
				CODE_SIGN_STYLE = Automatic;
				INFOPLIST_FILE = basvUITests/Info.plist;
				LD_RUNPATH_SEARCH_PATHS = (
					"$(inherited)",
					"@executable_path/Frameworks",
					"@loader_path/Frameworks",
				);
				PRODUCT_BUNDLE_IDENTIFIER = rsd.basvUITests;
				PRODUCT_NAME = "$(TARGET_NAME)";
				SWIFT_VERSION = 5.0;
				TARGETED_DEVICE_FAMILY = "1,2";
				TEST_TARGET_NAME = basv;
			};
			name = Release;
		};
/* End XCBuildConfiguration section */

/* Begin XCConfigurationList section */
		2D65E46E2571511100660D1E /* Build configuration list for PBXProject "basv" */ = {
			isa = XCConfigurationList;
			buildConfigurations = (
				2D65E49B2571511400660D1E /* Debug */,
				2D65E49C2571511400660D1E /* Release */,
			);
			defaultConfigurationIsVisible = 0;
			defaultConfigurationName = Release;
		};
		2D65E49D2571511400660D1E /* Build configuration list for PBXNativeTarget "basv" */ = {
			isa = XCConfigurationList;
			buildConfigurations = (
				2D65E49E2571511400660D1E /* Debug */,
				2D65E49F2571511400660D1E /* Release */,
			);
			defaultConfigurationIsVisible = 0;
			defaultConfigurationName = Release;
		};
		2D65E4A02571511400660D1E /* Build configuration list for PBXNativeTarget "basvTests" */ = {
			isa = XCConfigurationList;
			buildConfigurations = (
				2D65E4A12571511400660D1E /* Debug */,
				2D65E4A22571511400660D1E /* Release */,
			);
			defaultConfigurationIsVisible = 0;
			defaultConfigurationName = Release;
		};
		2D65E4A32571511400660D1E /* Build configuration list for PBXNativeTarget "basvUITests" */ = {
			isa = XCConfigurationList;
			buildConfigurations = (
				2D65E4A42571511400660D1E /* Debug */,
				2D65E4A52571511400660D1E /* Release */,
			);
			defaultConfigurationIsVisible = 0;
			defaultConfigurationName = Release;
		};
/* End XCConfigurationList section */
	};
	rootObject = 2D65E46B2571511100660D1E /* Project object */;
}
